{
  "name": "Final-Project",
  "lockfileVersion": 3,
  "requires": true,
  "packages": {
    "": {
      "dependencies": {
        "@angular/common": "^18.0.4",
        "@angular/core": "^18.0.4",
        "@angular/router": "^18.0.4"
      }
    },
    "node_modules/@angular/common": {
      "version": "18.0.4",
      "resolved": "https://registry.npmjs.org/@angular/common/-/common-18.0.4.tgz",
      "integrity": "sha512-7WxZKLzSu5QtyLGrtlZrtUQlP3WfDR++yHr5jF9DJZ3IY35UutwiPCegCcq4Qh5X2xWqnRKGm20TLlKVoj0t5Q==",
      "license": "MIT",
      "dependencies": {
        "tslib": "^2.3.0"
      },
      "engines": {
        "node": "^18.19.1 || ^20.11.1 || >=22.0.0"
      },
      "peerDependencies": {
        "@angular/core": "18.0.4",
        "rxjs": "^6.5.3 || ^7.4.0"
      }
    },
    "node_modules/@angular/core": {
      "version": "18.0.4",
      "resolved": "https://registry.npmjs.org/@angular/core/-/core-18.0.4.tgz",
      "integrity": "sha512-k0AUZbJc0eyzRexvKlR1sR0qNhe54Om9ln6lRn7y1+gAsg+OwFDyF427fFuzqpZVe/MmpvX3CXWdl0twZAYEiA==",
      "license": "MIT",
      "dependencies": {
        "tslib": "^2.3.0"
      },
      "engines": {
        "node": "^18.19.1 || ^20.11.1 || >=22.0.0"
      },
      "peerDependencies": {
        "rxjs": "^6.5.3 || ^7.4.0",
        "zone.js": "~0.14.0"
      }
    },
    "node_modules/@angular/platform-browser": {
      "version": "18.0.4",
      "resolved": "https://registry.npmjs.org/@angular/platform-browser/-/platform-browser-18.0.4.tgz",
      "integrity": "sha512-8TJEPzIRV89s1ZP9T+7g9K7PFNfec+4Xyw5BLaTRBOqjXHmMzk+miRx0L18Lr66rp5r2vbNEE9vojMVHQRwhVA==",
      "license": "MIT",
      "peer": true,
      "dependencies": {
        "tslib": "^2.3.0"
      },
      "engines": {
        "node": "^18.19.1 || ^20.11.1 || >=22.0.0"
      },
      "peerDependencies": {
        "@angular/animations": "18.0.4",
        "@angular/common": "18.0.4",
        "@angular/core": "18.0.4"
      },
      "peerDependenciesMeta": {
        "@angular/animations": {
          "optional": true
        }
      }
    },
    "node_modules/@angular/router": {
      "version": "18.0.4",
      "resolved": "https://registry.npmjs.org/@angular/router/-/router-18.0.4.tgz",
      "integrity": "sha512-nr1ZI3lynKBtr3a75APuVkIaiXRG5mEnW/RIyxwzxbKBB14901mby46o0jm9Y/CPb2rH5UpuwZhTKRE6QS/xLw==",
      "license": "MIT",
      "dependencies": {
        "tslib": "^2.3.0"
      },
      "engines": {
        "node": "^18.19.1 || ^20.11.1 || >=22.0.0"
      },
      "peerDependencies": {
        "@angular/common": "18.0.4",
        "@angular/core": "18.0.4",
        "@angular/platform-browser": "18.0.4",
        "rxjs": "^6.5.3 || ^7.4.0"
      }
    },
    "node_modules/rxjs": {
      "version": "7.8.1",
      "resolved": "https://registry.npmjs.org/rxjs/-/rxjs-7.8.1.tgz",
      "integrity": "sha512-AA3TVj+0A2iuIoQkWEK/tqFjBq2j+6PO6Y0zJcvzLAFhEFIO3HL0vls9hWLncZbAAbK0mar7oZ4V079I/qPMxg==",
      "license": "Apache-2.0",
      "peer": true,
      "dependencies": {
        "tslib": "^2.1.0"
      }
    },
    "node_modules/tslib": {
      "version": "2.6.3",
      "resolved": "https://registry.npmjs.org/tslib/-/tslib-2.6.3.tgz",
      "integrity": "sha512-xNvxJEOUiWPGhUuUdQgAJPKOOJfGnIyKySOc09XkKsgdUV/3E2zvwZYdejjmRgPCgcym1juLH3226yA7sEFJKQ==",
      "license": "0BSD"
    },
    "node_modules/zone.js": {
      "version": "0.14.7",
      "resolved": "https://registry.npmjs.org/zone.js/-/zone.js-0.14.7.tgz",
      "integrity": "sha512-0w6DGkX2BPuiK/NLf+4A8FLE43QwBfuqz2dVgi/40Rj1WmqUskCqj329O/pwrqFJLG5X8wkeG2RhIAro441xtg==",
      "license": "MIT",
      "peer": true
    }
  }
}
