
Microsoft Visual Studio Solution File, Format Version 12.00
# Visual Studio Version 17
VisualStudioVersion = 17.9.34728.123
MinimumVisualStudioVersion = 10.0.40219.1
Project("{FAE04EC0-301F-11D3-BF4B-00C04F79EFBC}") = "Final Project", "Final Project\Final Project.csproj", "{D8AA269B-D45B-4AEE-8D69-B903A8CA8DBA}"
EndProject
Global
	GlobalSection(SolutionConfigurationPlatforms) = preSolution
		Debug|Any CPU = Debug|Any CPU
		Release|Any CPU = Release|Any CPU
	EndGlobalSection
	GlobalSection(ProjectConfigurationPlatforms) = postSolution
		{D8AA269B-D45B-4AEE-8D69-B903A8CA8DBA}.Debug|Any CPU.ActiveCfg = Debug|Any CPU
		{D8AA269B-D45B-4AEE-8D69-B903A8CA8DBA}.Debug|Any CPU.Build.0 = Debug|Any CPU
		{D8AA269B-D45B-4AEE-8D69-B903A8CA8DBA}.Release|Any CPU.ActiveCfg = Release|Any CPU
		{D8AA269B-D45B-4AEE-8D69-B903A8CA8DBA}.Release|Any CPU.Build.0 = Release|Any CPU
	EndGlobalSection
	GlobalSection(SolutionProperties) = preSolution
		HideSolutionNode = FALSE
	EndGlobalSection
	GlobalSection(ExtensibilityGlobals) = postSolution
		SolutionGuid = {9EB1A03F-0E18-4F56-A89D-83433E11F7AA}
	EndGlobalSection
EndGlobal
