
Microsoft Visual Studio Solution File, Format Version 12.00
# Visual Studio Version 17
VisualStudioVersion = 17.9.34728.123
MinimumVisualStudioVersion = 10.0.40219.1
Project("{FAE04EC0-301F-11D3-BF4B-00C04F79EFBC}") = "ParkWishlistAndHistoryAPI", "ParkWishlistAndHistoryAPI\ParkWishlistAndHistoryAPI.csproj", "{12E5095D-5808-4690-A9D9-0F99E394A069}"
EndProject
Global
	GlobalSection(SolutionConfigurationPlatforms) = preSolution
		Debug|Any CPU = Debug|Any CPU
		Release|Any CPU = Release|Any CPU
	EndGlobalSection
	GlobalSection(ProjectConfigurationPlatforms) = postSolution
		{12E5095D-5808-4690-A9D9-0F99E394A069}.Debug|Any CPU.ActiveCfg = Debug|Any CPU
		{12E5095D-5808-4690-A9D9-0F99E394A069}.Debug|Any CPU.Build.0 = Debug|Any CPU
		{12E5095D-5808-4690-A9D9-0F99E394A069}.Release|Any CPU.ActiveCfg = Release|Any CPU
		{12E5095D-5808-4690-A9D9-0F99E394A069}.Release|Any CPU.Build.0 = Release|Any CPU
	EndGlobalSection
	GlobalSection(SolutionProperties) = preSolution
		HideSolutionNode = FALSE
	EndGlobalSection
	GlobalSection(ExtensibilityGlobals) = postSolution
		SolutionGuid = {A3EAA064-F47C-4E6E-B41B-599A2F3D0DF4}
	EndGlobalSection
EndGlobal
